# This file is automatically @generated by Cargo.
# It is not intended for manual editing.
version = 4

[[package]]
name = "clankerd-guestd"
version = "0.1.0"
dependencies = [
 "clankerd-proto",
]

[[package]]
name = "clankerd-proto"
version = "0.1.0"

[[package]]
name = "clankerd-vmspawn"
version = "0.1.0"
dependencies = [
 "clankerd-proto",
 "libkrun-sys",
]

[[package]]
name = "libclankerd"
version = "0.1.0"

[[package]]
name = "libkrun-sys"
version = "0.1.0"

[[package]]
name = "vmctl"
version = "0.1.0"
dependencies = [
 "libclankerd",
]
